
Microsoft Visual Studio Solution File, Format Version 12.00
# Visual Studio Version 16
VisualStudioVersion = 16.0.30711.63
MinimumVisualStudioVersion = 10.0.40219.1
Project("{9A19103F-16F7-4668-BE54-9A1E7A4F7556}") = "WASM_NetCore", "WASM_NetCore\WASM_NetCore.csproj", "{C0C1EB21-2E88-430C-937C-9C920386110C}"
EndProject
Project("{9A19103F-16F7-4668-BE54-9A1E7A4F7556}") = "WASM_NetStandard", "WASM_NetStandard\WASM_NetStandard.csproj", "{B6C095A8-C77A-43F4-9098-BA9ECBFCB8F1}"
EndProject
Global
	GlobalSection(SolutionConfigurationPlatforms) = preSolution
		Debug|Any CPU = Debug|Any CPU
		Release|Any CPU = Release|Any CPU
	EndGlobalSection
	GlobalSection(ProjectConfigurationPlatforms) = postSolution
		{C0C1EB21-2E88-430C-937C-9C920386110C}.Debug|Any CPU.ActiveCfg = Debug|Any CPU
		{C0C1EB21-2E88-430C-937C-9C920386110C}.Debug|Any CPU.Build.0 = Debug|Any CPU
		{C0C1EB21-2E88-430C-937C-9C920386110C}.Release|Any CPU.ActiveCfg = Release|Any CPU
		{C0C1EB21-2E88-430C-937C-9C920386110C}.Release|Any CPU.Build.0 = Release|Any CPU
		{B6C095A8-C77A-43F4-9098-BA9ECBFCB8F1}.Debug|Any CPU.ActiveCfg = Debug|Any CPU
		{B6C095A8-C77A-43F4-9098-BA9ECBFCB8F1}.Debug|Any CPU.Build.0 = Debug|Any CPU
		{B6C095A8-C77A-43F4-9098-BA9ECBFCB8F1}.Release|Any CPU.ActiveCfg = Release|Any CPU
		{B6C095A8-C77A-43F4-9098-BA9ECBFCB8F1}.Release|Any CPU.Build.0 = Release|Any CPU
	EndGlobalSection
	GlobalSection(SolutionProperties) = preSolution
		HideSolutionNode = FALSE
	EndGlobalSection
	GlobalSection(ExtensibilityGlobals) = postSolution
		SolutionGuid = {1B07057C-1F1A-449D-B71E-7EEE55628D8F}
	EndGlobalSection
EndGlobal
