Microsoft Visual Studio Solution File, Format Version 12.00
# Visual Studio Version 17
VisualStudioVersion = 17.8.34511.84
MinimumVisualStudioVersion = 10.0.40219.1
Project("{9A19103F-16F7-4668-BE54-9A1E7A4F7556}") = "Monsajem_incs", "Monsajem_incs\Monsajem_incs.csproj", "{96844A4C-4CF7-470F-8ACB-6B2C693B57EE}"
EndProject
Global
	GlobalSection(SolutionConfigurationPlatforms) = preSolution
		Debug|Any CPU = Debug|Any CPU
		Release|Any CPU = Release|Any CPU
	EndGlobalSection
	GlobalSection(ProjectConfigurationPlatforms) = postSolution
		{96844A4C-4CF7-470F-8ACB-6B2C693B57EE}.Debug|Any CPU.ActiveCfg = Debug|Any CPU
		{96844A4C-4CF7-470F-8ACB-6B2C693B57EE}.Debug|Any CPU.Build.0 = Debug|Any CPU
		{96844A4C-4CF7-470F-8ACB-6B2C693B57EE}.Release|Any CPU.ActiveCfg = Release|Any CPU
		{96844A4C-4CF7-470F-8ACB-6B2C693B57EE}.Release|Any CPU.Build.0 = Release|Any CPU
	EndGlobalSection
	GlobalSection(SolutionProperties) = preSolution
		HideSolutionNode = FALSE
	EndGlobalSection
	GlobalSection(ExtensibilityGlobals) = postSolution
		SolutionGuid = {D07884F6-BC04-44BA-B210-5B182AE8198E}
	EndGlobalSection
EndGlobal
