Microsoft Visual Studio Solution File, Format Version 12.00
# Visual Studio Version 16
VisualStudioVersion = 16.0.29326.143
MinimumVisualStudioVersion = 10.0.40219.1
Project("{2150E333-8FDC-42A3-9474-1A3956D46DE8}") = "WASM", "WASM", "{12BFA8E7-D942-4F5D-9A77-55966846E1F0}"
EndProject
Project("{9A19103F-16F7-4668-BE54-9A1E7A4F7556}") = "WASM_NetCore", "Others\WASM\WASM_NetCore\WASM_NetCore.csproj", "{3AA1379C-9A85-4AEC-9141-C8D5D31AFB05}"
EndProject
Project("{9A19103F-16F7-4668-BE54-9A1E7A4F7556}") = "WASM_NetStandard", "Others\WASM\WASM_NetStandard\WASM_NetStandard.csproj", "{6844BB49-613E-41ED-8866-0CBF5B99CB9C}"
EndProject
Project("{FAE04EC0-301F-11D3-BF4B-00C04F79EFBC}") = "Monsajem_incs", "Monsajem_incs\Monsajem_incs.csproj", "{96844A4C-4CF7-470F-8ACB-6B2C693B57EE}"
EndProject
Global
	GlobalSection(SolutionConfigurationPlatforms) = preSolution
		Debug|Any CPU = Debug|Any CPU
		Release|Any CPU = Release|Any CPU
	EndGlobalSection
	GlobalSection(ProjectConfigurationPlatforms) = postSolution
		{3AA1379C-9A85-4AEC-9141-C8D5D31AFB05}.Debug|Any CPU.ActiveCfg = Debug|Any CPU
		{3AA1379C-9A85-4AEC-9141-C8D5D31AFB05}.Debug|Any CPU.Build.0 = Debug|Any CPU
		{3AA1379C-9A85-4AEC-9141-C8D5D31AFB05}.Release|Any CPU.ActiveCfg = Debug|Any CPU
		{3AA1379C-9A85-4AEC-9141-C8D5D31AFB05}.Release|Any CPU.Build.0 = Debug|Any CPU
		{6844BB49-613E-41ED-8866-0CBF5B99CB9C}.Debug|Any CPU.ActiveCfg = Debug|Any CPU
		{6844BB49-613E-41ED-8866-0CBF5B99CB9C}.Debug|Any CPU.Build.0 = Debug|Any CPU
		{6844BB49-613E-41ED-8866-0CBF5B99CB9C}.Release|Any CPU.ActiveCfg = Debug|Any CPU
		{6844BB49-613E-41ED-8866-0CBF5B99CB9C}.Release|Any CPU.Build.0 = Debug|Any CPU
		{96844A4C-4CF7-470F-8ACB-6B2C693B57EE}.Debug|Any CPU.ActiveCfg = Debug|Any CPU
		{96844A4C-4CF7-470F-8ACB-6B2C693B57EE}.Debug|Any CPU.Build.0 = Debug|Any CPU
		{96844A4C-4CF7-470F-8ACB-6B2C693B57EE}.Release|Any CPU.ActiveCfg = Release|Any CPU
		{96844A4C-4CF7-470F-8ACB-6B2C693B57EE}.Release|Any CPU.Build.0 = Release|Any CPU
	EndGlobalSection
	GlobalSection(SolutionProperties) = preSolution
		HideSolutionNode = FALSE
	EndGlobalSection
	GlobalSection(NestedProjects) = preSolution
		{3AA1379C-9A85-4AEC-9141-C8D5D31AFB05} = {12BFA8E7-D942-4F5D-9A77-55966846E1F0}
		{6844BB49-613E-41ED-8866-0CBF5B99CB9C} = {12BFA8E7-D942-4F5D-9A77-55966846E1F0}
	EndGlobalSection
	GlobalSection(ExtensibilityGlobals) = postSolution
		SolutionGuid = {D07884F6-BC04-44BA-B210-5B182AE8198E}
	EndGlobalSection
EndGlobal
