
Microsoft Visual Studio Solution File, Format Version 12.00
# Visual Studio Version 16
VisualStudioVersion = 16.0.29326.143
MinimumVisualStudioVersion = 10.0.40219.1
Project("{FAE04EC0-301F-11D3-BF4B-00C04F79EFBC}") = "_Test", "_Test\_Test.csproj", "{852020F1-6C65-4DB9-9FC4-25544A3843DC}"
EndProject
Project("{9A19103F-16F7-4668-BE54-9A1E7A4F7556}") = "Monsajem_incs", "..\..\Monsajem_incs\Monsajem_incs.csproj", "{55DFCABB-C2BA-4117-A07D-3C501B03F5F7}"
EndProject
Global
	GlobalSection(SolutionConfigurationPlatforms) = preSolution
		Debug|Any CPU = Debug|Any CPU
		Release|Any CPU = Release|Any CPU
	EndGlobalSection
	GlobalSection(ProjectConfigurationPlatforms) = postSolution
		{852020F1-6C65-4DB9-9FC4-25544A3843DC}.Debug|Any CPU.ActiveCfg = Debug|Any CPU
		{852020F1-6C65-4DB9-9FC4-25544A3843DC}.Debug|Any CPU.Build.0 = Debug|Any CPU
		{852020F1-6C65-4DB9-9FC4-25544A3843DC}.Release|Any CPU.ActiveCfg = Release|Any CPU
		{852020F1-6C65-4DB9-9FC4-25544A3843DC}.Release|Any CPU.Build.0 = Release|Any CPU
		{55DFCABB-C2BA-4117-A07D-3C501B03F5F7}.Debug|Any CPU.ActiveCfg = Debug|Any CPU
		{55DFCABB-C2BA-4117-A07D-3C501B03F5F7}.Debug|Any CPU.Build.0 = Debug|Any CPU
		{55DFCABB-C2BA-4117-A07D-3C501B03F5F7}.Release|Any CPU.ActiveCfg = Release|Any CPU
		{55DFCABB-C2BA-4117-A07D-3C501B03F5F7}.Release|Any CPU.Build.0 = Release|Any CPU
	EndGlobalSection
	GlobalSection(SolutionProperties) = preSolution
		HideSolutionNode = FALSE
	EndGlobalSection
	GlobalSection(ExtensibilityGlobals) = postSolution
		SolutionGuid = {30442246-B1DB-40DD-A06E-6F9EA6D93CF4}
	EndGlobalSection
EndGlobal
