
Microsoft Visual Studio Solution File, Format Version 12.00
# Visual Studio Version 17
VisualStudioVersion = 17.8.34511.84
MinimumVisualStudioVersion = 10.0.40219.1
Project("{9A19103F-16F7-4668-BE54-9A1E7A4F7556}") = "BlazorApp_NetCore", "BlazorApp_NetCore\BlazorApp_NetCore.csproj", "{D3BD0B35-9588-4A2B-A465-6DE75B20AE1C}"
EndProject
Project("{2150E333-8FDC-42A3-9474-1A3956D46DE8}") = "_MN", "_MN", "{86F0EAFA-81F2-47B4-9537-159DBC58A7BF}"
EndProject
Project("{9A19103F-16F7-4668-BE54-9A1E7A4F7556}") = "Monsajem_incs", "..\..\..\Monsajem_incs\Monsajem_incs.csproj", "{11C07F43-C5B5-4B06-9A6E-199031F40F49}"
EndProject
Global
	GlobalSection(SolutionConfigurationPlatforms) = preSolution
		Debug|Any CPU = Debug|Any CPU
		Release|Any CPU = Release|Any CPU
	EndGlobalSection
	GlobalSection(ProjectConfigurationPlatforms) = postSolution
		{D3BD0B35-9588-4A2B-A465-6DE75B20AE1C}.Debug|Any CPU.ActiveCfg = Debug|Any CPU
		{D3BD0B35-9588-4A2B-A465-6DE75B20AE1C}.Debug|Any CPU.Build.0 = Debug|Any CPU
		{D3BD0B35-9588-4A2B-A465-6DE75B20AE1C}.Release|Any CPU.ActiveCfg = Debug|Any CPU
		{D3BD0B35-9588-4A2B-A465-6DE75B20AE1C}.Release|Any CPU.Build.0 = Debug|Any CPU
		{11C07F43-C5B5-4B06-9A6E-199031F40F49}.Debug|Any CPU.ActiveCfg = Debug|Any CPU
		{11C07F43-C5B5-4B06-9A6E-199031F40F49}.Debug|Any CPU.Build.0 = Debug|Any CPU
		{11C07F43-C5B5-4B06-9A6E-199031F40F49}.Release|Any CPU.ActiveCfg = Release|Any CPU
		{11C07F43-C5B5-4B06-9A6E-199031F40F49}.Release|Any CPU.Build.0 = Release|Any CPU
	EndGlobalSection
	GlobalSection(SolutionProperties) = preSolution
		HideSolutionNode = FALSE
	EndGlobalSection
	GlobalSection(NestedProjects) = preSolution
		{11C07F43-C5B5-4B06-9A6E-199031F40F49} = {86F0EAFA-81F2-47B4-9537-159DBC58A7BF}
	EndGlobalSection
	GlobalSection(ExtensibilityGlobals) = postSolution
		SolutionGuid = {A316234F-2961-419A-920F-93254B2765A0}
	EndGlobalSection
EndGlobal
