
Microsoft Visual Studio Solution File, Format Version 12.00
# Visual Studio Version 16
VisualStudioVersion = 16.0.29326.143
MinimumVisualStudioVersion = 10.0.40219.1
Project("{E24C65DC-7377-472B-9ABA-BC803B73C61A}") = "CDN_Data", "CDN_Data\", "{6710AAB1-92A9-4C16-8C16-53B8483DB957}"
	ProjectSection(WebsiteProperties) = preProject
		TargetFrameworkMoniker = ".NETFramework,Version%3Dv4.0"
		Debug.AspNetCompiler.VirtualPath = "/localhost_1098"
		Debug.AspNetCompiler.PhysicalPath = "CDN_Data\"
		Debug.AspNetCompiler.TargetPath = "PrecompiledWeb\localhost_1098\"
		Debug.AspNetCompiler.Updateable = "true"
		Debug.AspNetCompiler.ForceOverwrite = "true"
		Debug.AspNetCompiler.FixedNames = "false"
		Debug.AspNetCompiler.Debug = "True"
		Release.AspNetCompiler.VirtualPath = "/localhost_1098"
		Release.AspNetCompiler.PhysicalPath = "CDN_Data\"
		Release.AspNetCompiler.TargetPath = "PrecompiledWeb\localhost_1098\"
		Release.AspNetCompiler.Updateable = "true"
		Release.AspNetCompiler.ForceOverwrite = "true"
		Release.AspNetCompiler.FixedNames = "false"
		Release.AspNetCompiler.Debug = "False"
		VWDPort = "1098"
		SlnRelativePath = "CDN_Data\"
	EndProjectSection
EndProject
Project("{9A19103F-16F7-4668-BE54-9A1E7A4F7556}") = "_TestOnClient", "_TestOnClient\_TestOnClient.csproj", "{05346950-4F6F-4C14-A93F-998F98B7B546}"
EndProject
Project("{9A19103F-16F7-4668-BE54-9A1E7A4F7556}") = "Monsajem_incs", "..\..\..\Monsajem_incs\Monsajem_incs.csproj", "{3C2971C7-7BEC-46D6-B0F4-B5D7E4DE5C67}"
EndProject
Global
	GlobalSection(SolutionConfigurationPlatforms) = preSolution
		Debug|Any CPU = Debug|Any CPU
		Release|Any CPU = Release|Any CPU
	EndGlobalSection
	GlobalSection(ProjectConfigurationPlatforms) = postSolution
		{6710AAB1-92A9-4C16-8C16-53B8483DB957}.Debug|Any CPU.ActiveCfg = Debug|Any CPU
		{6710AAB1-92A9-4C16-8C16-53B8483DB957}.Debug|Any CPU.Build.0 = Debug|Any CPU
		{6710AAB1-92A9-4C16-8C16-53B8483DB957}.Release|Any CPU.ActiveCfg = Debug|Any CPU
		{6710AAB1-92A9-4C16-8C16-53B8483DB957}.Release|Any CPU.Build.0 = Debug|Any CPU
		{05346950-4F6F-4C14-A93F-998F98B7B546}.Debug|Any CPU.ActiveCfg = Debug|Any CPU
		{05346950-4F6F-4C14-A93F-998F98B7B546}.Debug|Any CPU.Build.0 = Debug|Any CPU
		{05346950-4F6F-4C14-A93F-998F98B7B546}.Release|Any CPU.ActiveCfg = Release|Any CPU
		{05346950-4F6F-4C14-A93F-998F98B7B546}.Release|Any CPU.Build.0 = Release|Any CPU
		{3C2971C7-7BEC-46D6-B0F4-B5D7E4DE5C67}.Debug|Any CPU.ActiveCfg = Debug|Any CPU
		{3C2971C7-7BEC-46D6-B0F4-B5D7E4DE5C67}.Debug|Any CPU.Build.0 = Debug|Any CPU
		{3C2971C7-7BEC-46D6-B0F4-B5D7E4DE5C67}.Release|Any CPU.ActiveCfg = Release|Any CPU
		{3C2971C7-7BEC-46D6-B0F4-B5D7E4DE5C67}.Release|Any CPU.Build.0 = Release|Any CPU
	EndGlobalSection
	GlobalSection(SolutionProperties) = preSolution
		HideSolutionNode = FALSE
	EndGlobalSection
	GlobalSection(ExtensibilityGlobals) = postSolution
		SolutionGuid = {7D4AD775-3A44-4700-8897-9ADA1CD3C8F0}
	EndGlobalSection
EndGlobal
