
Microsoft Visual Studio Solution File, Format Version 12.00
# Visual Studio Version 16
VisualStudioVersion = 16.0.29326.143
MinimumVisualStudioVersion = 10.0.40219.1
Project("{9A19103F-16F7-4668-BE54-9A1E7A4F7556}") = "_Test", "Test\_Test.csproj", "{2792CFC9-EEC0-4447-920E-CBFFB3969DF1}"
EndProject
Project("{9A19103F-16F7-4668-BE54-9A1E7A4F7556}") = "Monsajem_incs", "..\..\..\Monsajem_incs\Monsajem_incs.csproj", "{BAA240F6-AA3E-46BE-84E5-22A3A50B6E34}"
EndProject
Global
	GlobalSection(SolutionConfigurationPlatforms) = preSolution
		Debug|Any CPU = Debug|Any CPU
		Release|Any CPU = Release|Any CPU
	EndGlobalSection
	GlobalSection(ProjectConfigurationPlatforms) = postSolution
		{2792CFC9-EEC0-4447-920E-CBFFB3969DF1}.Debug|Any CPU.ActiveCfg = Debug|Any CPU
		{2792CFC9-EEC0-4447-920E-CBFFB3969DF1}.Debug|Any CPU.Build.0 = Debug|Any CPU
		{2792CFC9-EEC0-4447-920E-CBFFB3969DF1}.Release|Any CPU.ActiveCfg = Release|Any CPU
		{2792CFC9-EEC0-4447-920E-CBFFB3969DF1}.Release|Any CPU.Build.0 = Release|Any CPU
		{BAA240F6-AA3E-46BE-84E5-22A3A50B6E34}.Debug|Any CPU.ActiveCfg = Debug|Any CPU
		{BAA240F6-AA3E-46BE-84E5-22A3A50B6E34}.Debug|Any CPU.Build.0 = Debug|Any CPU
		{BAA240F6-AA3E-46BE-84E5-22A3A50B6E34}.Release|Any CPU.ActiveCfg = Release|Any CPU
		{BAA240F6-AA3E-46BE-84E5-22A3A50B6E34}.Release|Any CPU.Build.0 = Release|Any CPU
	EndGlobalSection
	GlobalSection(SolutionProperties) = preSolution
		HideSolutionNode = FALSE
	EndGlobalSection
	GlobalSection(ExtensibilityGlobals) = postSolution
		SolutionGuid = {14C9BC9B-6FC2-4B64-B6A0-3695FD97BACC}
	EndGlobalSection
EndGlobal
